stage_feature_extraction:
  cmd: python src/featurization.py
  deps:
  - path: data/iris.csv
    md5: 57fce90c81521889c736445f058c4838
  - path: src/featurization.py
    md5: 81128c594b67a68c3aecd2d9eca38d9c
  outs:
  - path: data/iris_featurized.csv
    md5: 04ed69383af337e9dabf934cbc8abc11
stage_split_dataset:
  cmd: python src/split_dataset.py --test_size 0.4
  deps:
  - path: data/iris_featurized.csv
    md5: 04ed69383af337e9dabf934cbc8abc11
  - path: src/split_dataset.py
    md5: 5da797093e3e72ca65720df86c842a39
  outs:
  - path: data/test.csv
    md5: b37f00bfd2ce46c61fe744d6d26b41d3
  - path: data/train.csv
    md5: 3b7d94d2e2675fb9132c42b1da980794
stage_train:
  cmd: python src/train.py
  deps:
  - path: data/train.csv
    md5: 3b7d94d2e2675fb9132c42b1da980794
  - path: src/train.py
    md5: 57acac82e8be65927cf80a6ed0f089bc
  outs:
  - path: data/model.joblib
    md5: 5da160df620d8e4fd1a981d50913cb3a
stage_evaluate:
  cmd: python src/evaluate.py
  deps:
  - path: data/model.joblib
    md5: 5da160df620d8e4fd1a981d50913cb3a
  - path: data/test.csv
    md5: b37f00bfd2ce46c61fe744d6d26b41d3
  - path: src/evaluate.py
    md5: 58dabbe40428170ca3714f5d24475ea1
  - path: src/train.py
    md5: 57acac82e8be65927cf80a6ed0f089bc
  outs:
  - path: data/eval.json
    md5: 04a34aa507199d5f1f5c73a841a76463
